
Microsoft Visual Studio Solution File, Format Version 12.00
# Visual Studio Version 16
VisualStudioVersion = 16.0.31005.135
MinimumVisualStudioVersion = 10.0.40219.1
Project("{8BC9CEB8-8B4A-11D0-8D11-00A0C91BC942}") = "Philosophers", "Philosophers.vcxproj", "{CA552D6A-9382-41C4-AABA-85AC72009878}"
EndProject
Global
	GlobalSection(SolutionConfigurationPlatforms) = preSolution
		Debug|x64 = Debug|x64
		Debug|x86 = Debug|x86
		Release|x64 = Release|x64
		Release|x86 = Release|x86
	EndGlobalSection
	GlobalSection(ProjectConfigurationPlatforms) = postSolution
		{CA552D6A-9382-41C4-AABA-85AC72009878}.Debug|x64.ActiveCfg = Debug|x64
		{CA552D6A-9382-41C4-AABA-85AC72009878}.Debug|x64.Build.0 = Debug|x64
		{CA552D6A-9382-41C4-AABA-85AC72009878}.Debug|x86.ActiveCfg = Debug|Win32
		{CA552D6A-9382-41C4-AABA-85AC72009878}.Debug|x86.Build.0 = Debug|Win32
		{CA552D6A-9382-41C4-AABA-85AC72009878}.Release|x64.ActiveCfg = Release|x64
		{CA552D6A-9382-41C4-AABA-85AC72009878}.Release|x64.Build.0 = Release|x64
		{CA552D6A-9382-41C4-AABA-85AC72009878}.Release|x86.ActiveCfg = Release|Win32
		{CA552D6A-9382-41C4-AABA-85AC72009878}.Release|x86.Build.0 = Release|Win32
	EndGlobalSection
	GlobalSection(SolutionProperties) = preSolution
		HideSolutionNode = FALSE
	EndGlobalSection
	GlobalSection(ExtensibilityGlobals) = postSolution
		SolutionGuid = {D04E6243-6A75-42EC-BE93-632E33E05C2D}
	EndGlobalSection
EndGlobal
